Microsoft Visual Studio Solution File, Format Version 12.00
Project("{2150E333-8FDC-42A3-9474-1A3956D46DE8}") = "src", "src", "{E436967B-529B-436C-8855-B09E98FC5808}"
EndProject
Project("{FAE04EC0-301F-11D3-BF4B-00C04F79EFBC}") = "Elwark.CorrelationId.Abstractions", "src\Elwark.CorrelationId.Abstractions\Elwark.CorrelationId.Abstractions.csproj", "{8673F67D-467E-4662-9974-46C5E8697460}"
EndProject
Project("{FAE04EC0-301F-11D3-BF4B-00C04F79EFBC}") = "Elwark.CorrelationId", "src\Elwark.CorrelationId\Elwark.CorrelationId.csproj", "{5D19AE3C-A4B8-41D9-8E24-E44C410FF3FB}"
EndProject
Project("{FAE04EC0-301F-11D3-BF4B-00C04F79EFBC}") = "Elwark.CorrelationId.Http", "src\Elwark.CorrelationId.Http\Elwark.CorrelationId.Http.csproj", "{36495B3C-93C4-485D-BCA4-33D62C7BA912}"
EndProject
Project("{2150E333-8FDC-42A3-9474-1A3956D46DE8}") = "actions", "actions", "{14EF6247-1034-44A3-A103-17507F147F4D}"
	ProjectSection(SolutionItems) = preProject
		.github\workflows\nuget.yml = .github\workflows\nuget.yml
	EndProjectSection
EndProject
Project("{2150E333-8FDC-42A3-9474-1A3956D46DE8}") = "samples", "samples", "{21D91C79-1778-4B56-899B-5D54446A2D02}"
EndProject
Project("{FAE04EC0-301F-11D3-BF4B-00C04F79EFBC}") = "Elwark.CorrelationId.Grpc", "src\Elwark.CorrelationId.Grpc\Elwark.CorrelationId.Grpc.csproj", "{18EAAA93-03F7-4FFC-A502-3B9F0A9EFDF8}"
EndProject
Project("{2150E333-8FDC-42A3-9474-1A3956D46DE8}") = "Http", "Http", "{27A34677-EBBF-4E39-B714-C5797A1CFD4B}"
EndProject
Project("{FAE04EC0-301F-11D3-BF4B-00C04F79EFBC}") = "Http.Client", "samples\http\Http.Client\Http.Client.csproj", "{89B84957-5B93-4B45-966A-BFCB940320D5}"
EndProject
Project("{2150E333-8FDC-42A3-9474-1A3956D46DE8}") = "Grpc", "Grpc", "{8D5614B6-007E-44BF-9240-067430CE71D5}"
EndProject
Project("{FAE04EC0-301F-11D3-BF4B-00C04F79EFBC}") = "Grpc.Server", "samples\grpc\Grpc.Server\Grpc.Server.csproj", "{CD4EEC56-9EA1-40C0-90E0-243DE8FFAACA}"
EndProject
Project("{FAE04EC0-301F-11D3-BF4B-00C04F79EFBC}") = "Http.Server", "samples\http\Http.Server\Http.Server.csproj", "{764C5559-050C-453E-85B8-0AE97DD438BC}"
EndProject
Project("{FAE04EC0-301F-11D3-BF4B-00C04F79EFBC}") = "Grpc.Client", "samples\grpc\Grpc.Client\Grpc.Client.csproj", "{02523971-607E-46E3-AB1E-1EDDF9896180}"
EndProject
Global
	GlobalSection(SolutionConfigurationPlatforms) = preSolution
		Debug|Any CPU = Debug|Any CPU
		Release|Any CPU = Release|Any CPU
	EndGlobalSection
	GlobalSection(ProjectConfigurationPlatforms) = postSolution
		{8673F67D-467E-4662-9974-46C5E8697460}.Debug|Any CPU.ActiveCfg = Debug|Any CPU
		{8673F67D-467E-4662-9974-46C5E8697460}.Debug|Any CPU.Build.0 = Debug|Any CPU
		{8673F67D-467E-4662-9974-46C5E8697460}.Release|Any CPU.ActiveCfg = Release|Any CPU
		{8673F67D-467E-4662-9974-46C5E8697460}.Release|Any CPU.Build.0 = Release|Any CPU
		{5D19AE3C-A4B8-41D9-8E24-E44C410FF3FB}.Debug|Any CPU.ActiveCfg = Debug|Any CPU
		{5D19AE3C-A4B8-41D9-8E24-E44C410FF3FB}.Debug|Any CPU.Build.0 = Debug|Any CPU
		{5D19AE3C-A4B8-41D9-8E24-E44C410FF3FB}.Release|Any CPU.ActiveCfg = Release|Any CPU
		{5D19AE3C-A4B8-41D9-8E24-E44C410FF3FB}.Release|Any CPU.Build.0 = Release|Any CPU
		{36495B3C-93C4-485D-BCA4-33D62C7BA912}.Debug|Any CPU.ActiveCfg = Debug|Any CPU
		{36495B3C-93C4-485D-BCA4-33D62C7BA912}.Debug|Any CPU.Build.0 = Debug|Any CPU
		{36495B3C-93C4-485D-BCA4-33D62C7BA912}.Release|Any CPU.ActiveCfg = Release|Any CPU
		{36495B3C-93C4-485D-BCA4-33D62C7BA912}.Release|Any CPU.Build.0 = Release|Any CPU
		{18EAAA93-03F7-4FFC-A502-3B9F0A9EFDF8}.Debug|Any CPU.ActiveCfg = Debug|Any CPU
		{18EAAA93-03F7-4FFC-A502-3B9F0A9EFDF8}.Debug|Any CPU.Build.0 = Debug|Any CPU
		{18EAAA93-03F7-4FFC-A502-3B9F0A9EFDF8}.Release|Any CPU.ActiveCfg = Release|Any CPU
		{18EAAA93-03F7-4FFC-A502-3B9F0A9EFDF8}.Release|Any CPU.Build.0 = Release|Any CPU
		{89B84957-5B93-4B45-966A-BFCB940320D5}.Debug|Any CPU.ActiveCfg = Debug|Any CPU
		{89B84957-5B93-4B45-966A-BFCB940320D5}.Debug|Any CPU.Build.0 = Debug|Any CPU
		{89B84957-5B93-4B45-966A-BFCB940320D5}.Release|Any CPU.ActiveCfg = Release|Any CPU
		{89B84957-5B93-4B45-966A-BFCB940320D5}.Release|Any CPU.Build.0 = Release|Any CPU
		{CD4EEC56-9EA1-40C0-90E0-243DE8FFAACA}.Debug|Any CPU.ActiveCfg = Debug|Any CPU
		{CD4EEC56-9EA1-40C0-90E0-243DE8FFAACA}.Debug|Any CPU.Build.0 = Debug|Any CPU
		{CD4EEC56-9EA1-40C0-90E0-243DE8FFAACA}.Release|Any CPU.ActiveCfg = Release|Any CPU
		{CD4EEC56-9EA1-40C0-90E0-243DE8FFAACA}.Release|Any CPU.Build.0 = Release|Any CPU
		{764C5559-050C-453E-85B8-0AE97DD438BC}.Debug|Any CPU.ActiveCfg = Debug|Any CPU
		{764C5559-050C-453E-85B8-0AE97DD438BC}.Debug|Any CPU.Build.0 = Debug|Any CPU
		{764C5559-050C-453E-85B8-0AE97DD438BC}.Release|Any CPU.ActiveCfg = Release|Any CPU
		{764C5559-050C-453E-85B8-0AE97DD438BC}.Release|Any CPU.Build.0 = Release|Any CPU
		{02523971-607E-46E3-AB1E-1EDDF9896180}.Debug|Any CPU.ActiveCfg = Debug|Any CPU
		{02523971-607E-46E3-AB1E-1EDDF9896180}.Debug|Any CPU.Build.0 = Debug|Any CPU
		{02523971-607E-46E3-AB1E-1EDDF9896180}.Release|Any CPU.ActiveCfg = Release|Any CPU
		{02523971-607E-46E3-AB1E-1EDDF9896180}.Release|Any CPU.Build.0 = Release|Any CPU
	EndGlobalSection
	GlobalSection(NestedProjects) = preSolution
		{8673F67D-467E-4662-9974-46C5E8697460} = {E436967B-529B-436C-8855-B09E98FC5808}
		{5D19AE3C-A4B8-41D9-8E24-E44C410FF3FB} = {E436967B-529B-436C-8855-B09E98FC5808}
		{36495B3C-93C4-485D-BCA4-33D62C7BA912} = {E436967B-529B-436C-8855-B09E98FC5808}
		{18EAAA93-03F7-4FFC-A502-3B9F0A9EFDF8} = {E436967B-529B-436C-8855-B09E98FC5808}
		{27A34677-EBBF-4E39-B714-C5797A1CFD4B} = {21D91C79-1778-4B56-899B-5D54446A2D02}
		{89B84957-5B93-4B45-966A-BFCB940320D5} = {27A34677-EBBF-4E39-B714-C5797A1CFD4B}
		{8D5614B6-007E-44BF-9240-067430CE71D5} = {21D91C79-1778-4B56-899B-5D54446A2D02}
		{CD4EEC56-9EA1-40C0-90E0-243DE8FFAACA} = {8D5614B6-007E-44BF-9240-067430CE71D5}
		{764C5559-050C-453E-85B8-0AE97DD438BC} = {27A34677-EBBF-4E39-B714-C5797A1CFD4B}
		{02523971-607E-46E3-AB1E-1EDDF9896180} = {8D5614B6-007E-44BF-9240-067430CE71D5}
	EndGlobalSection
EndGlobal
