
Microsoft Visual Studio Solution File, Format Version 12.00
Project("{2150E333-8FDC-42A3-9474-1A3956D46DE8}") = "src", "src", "{E436967B-529B-436C-8855-B09E98FC5808}"
EndProject
Project("{FAE04EC0-301F-11D3-BF4B-00C04F79EFBC}") = "Elwark.People.Abstractions", "src\Elwark.People.Abstractions.csproj", "{F6E5B71B-4A59-49B8-843A-F3EC955195F1}"
EndProject
Global
	GlobalSection(SolutionConfigurationPlatforms) = preSolution
		Debug|Any CPU = Debug|Any CPU
		Release|Any CPU = Release|Any CPU
	EndGlobalSection
	GlobalSection(ProjectConfigurationPlatforms) = postSolution
		{F6E5B71B-4A59-49B8-843A-F3EC955195F1}.Debug|Any CPU.ActiveCfg = Debug|Any CPU
		{F6E5B71B-4A59-49B8-843A-F3EC955195F1}.Debug|Any CPU.Build.0 = Debug|Any CPU
		{F6E5B71B-4A59-49B8-843A-F3EC955195F1}.Release|Any CPU.ActiveCfg = Release|Any CPU
		{F6E5B71B-4A59-49B8-843A-F3EC955195F1}.Release|Any CPU.Build.0 = Release|Any CPU
	EndGlobalSection
	GlobalSection(NestedProjects) = preSolution
		{F6E5B71B-4A59-49B8-843A-F3EC955195F1} = {E436967B-529B-436C-8855-B09E98FC5808}
	EndGlobalSection
EndGlobal
